// !$*UTF8*$!
{
	archiveVersion = 1;
	classes = {
	};
	objectVersion = 46;
	objects = {

/* Begin PBXBuildFile section */
		3C4745B71C917DB7001EAD32 /* main.m in Sources */ = {isa = PBXBuildFile; fileRef = 3C4745B61C917DB7001EAD32 /* main.m */; };
		3C4745BA1C917DB7001EAD32 /* AppDelegate.m in Sources */ = {isa = PBXBuildFile; fileRef = 3C4745B91C917DB7001EAD32 /* AppDelegate.m */; };
		3C4745C21C917DB7001EAD32 /* Assets.xcassets in Resources */ = {isa = PBXBuildFile; fileRef = 3C4745C11C917DB7001EAD32 /* Assets.xcassets */; };
		3C4745C51C917DB7001EAD32 /* LaunchScreen.storyboard in Resources */ = {isa = PBXBuildFile; fileRef = 3C4745C31C917DB7001EAD32 /* LaunchScreen.storyboard */; };
		3C4745CE1C917EAC001EAD32 /* RootViewController.m in Sources */ = {isa = PBXBuildFile; fileRef = 3C4745CD1C917EAC001EAD32 /* RootViewController.m */; };
/* End PBXBuildFile section */

/* Begin PBXFileReference section */
		3C4745B21C917DB7001EAD32 /* IANXMPP_DEMO.app */ = {isa = PBXFileReference; explicitFileType = wrapper.application; includeInIndex = 0; path = IANXMPP_DEMO.app; sourceTree = BUILT_PRODUCTS_DIR; };
		3C4745B61C917DB7001EAD32 /* main.m */ = {isa = PBXFileReference; lastKnownFileType = sourcecode.c.objc; path = main.m; sourceTree = "<group>"; };
		3C4745B81C917DB7001EAD32 /* AppDelegate.h */ = {isa = PBXFileReference; lastKnownFileType = sourcecode.c.h; path = AppDelegate.h; sourceTree = "<group>"; };
		3C4745B91C917DB7001EAD32 /* AppDelegate.m */ = {isa = PBXFileReference; lastKnownFileType = sourcecode.c.objc; path = AppDelegate.m; sourceTree = "<group>"; };
		3C4745C11C917DB7001EAD32 /* Assets.xcassets */ = {isa = PBXFileReference; lastKnownFileType = folder.assetcatalog; path = Assets.xcassets; sourceTree = "<group>"; };
		3C4745C41C917DB7001EAD32 /* Base */ = {isa = PBXFileReference; lastKnownFileType = file.storyboard; name = Base; path = Base.lproj/LaunchScreen.storyboard; sourceTree = "<group>"; };
		3C4745C61C917DB7001EAD32 /* Info.plist */ = {isa = PBXFileReference; lastKnownFileType = text.plist.xml; path = Info.plist; sourceTree = "<group>"; };
		3C4745CC1C917EAC001EAD32 /* RootViewController.h */ = {isa = PBXFileReference; fileEncoding = 4; lastKnownFileType = sourcecode.c.h; path = RootViewController.h; sourceTree = "<group>"; };
		3C4745CD1C917EAC001EAD32 /* RootViewController.m */ = {isa = PBXFileReference; fileEncoding = 4; lastKnownFileType = sourcecode.c.objc; path = RootViewController.m; sourceTree = "<group>"; };
/* End PBXFileReference section */

/* Begin PBXFrameworksBuildPhase section */
		3C4745AF1C917DB7001EAD32 /* Frameworks */ = {
			isa = PBXFrameworksBuildPhase;
			buildActionMask = 2147483647;
			files = (
			);
			runOnlyForDeploymentPostprocessing = 0;
		};
/* End PBXFrameworksBuildPhase section */

/* Begin PBXGroup section */
		3C4745A91C917DB7001EAD32 = {
			isa = PBXGroup;
			children = (
				3C4745B41C917DB7001EAD32 /* IANXMPP_DEMO */,
				3C4745B31C917DB7001EAD32 /* Products */,
			);
			sourceTree = "<group>";
		};
		3C4745B31C917DB7001EAD32 /* Products */ = {
			isa = PBXGroup;
			children = (
				3C4745B21C917DB7001EAD32 /* IANXMPP_DEMO.app */,
			);
			name = Products;
			sourceTree = "<group>";
		};
		3C4745B41C917DB7001EAD32 /* IANXMPP_DEMO */ = {
			isa = PBXGroup;
			children = (
				3C4745B81C917DB7001EAD32 /* AppDelegate.h */,
				3C4745B91C917DB7001EAD32 /* AppDelegate.m */,
				3C4745CC1C917EAC001EAD32 /* RootViewController.h */,
				3C4745CD1C917EAC001EAD32 /* RootViewController.m */,
				3C4745C11C917DB7001EAD32 /* Assets.xcassets */,
				3C4745C31C917DB7001EAD32 /* LaunchScreen.storyboard */,
				3C4745C61C917DB7001EAD32 /* Info.plist */,
				3C4745B51C917DB7001EAD32 /* Supporting Files */,
			);
			path = IANXMPP_DEMO;
			sourceTree = "<group>";
		};
		3C4745B51C917DB7001EAD32 /* Supporting Files */ = {
			isa = PBXGroup;
			children = (
				3C4745B61C917DB7001EAD32 /* main.m */,
			);
			name = "Supporting Files";
			sourceTree = "<group>";
		};
/* End PBXGroup section */

/* Begin PBXNativeTarget section */
		3C4745B11C917DB7001EAD32 /* IANXMPP_DEMO */ = {
			isa = PBXNativeTarget;
			buildConfigurationList = 3C4745C91C917DB8001EAD32 /* Build configuration list for PBXNativeTarget "IANXMPP_DEMO" */;
			buildPhases = (
				3C4745AE1C917DB7001EAD32 /* Sources */,
				3C4745AF1C917DB7001EAD32 /* Frameworks */,
				3C4745B01C917DB7001EAD32 /* Resources */,
			);
			buildRules = (
			);
			dependencies = (
			);
			name = IANXMPP_DEMO;
			productName = IANXMPP_DEMO;
			productReference = 3C4745B21C917DB7001EAD32 /* IANXMPP_DEMO.app */;
			productType = "com.apple.product-type.application";
		};
/* End PBXNativeTarget section */

/* Begin PBXProject section */
		3C4745AA1C917DB7001EAD32 /* Project object */ = {
			isa = PBXProject;
			attributes = {
				LastUpgradeCheck = 0720;
				ORGANIZATIONNAME = ian;
				TargetAttributes = {
					3C4745B11C917DB7001EAD32 = {
						CreatedOnToolsVersion = 7.2.1;
					};
				};
			};
			buildConfigurationList = 3C4745AD1C917DB7001EAD32 /* Build configuration list for PBXProject "IANXMPP_DEMO" */;
			compatibilityVersion = "Xcode 3.2";
			developmentRegion = English;
			hasScannedForEncodings = 0;
			knownRegions = (
				en,
				Base,
			);
			mainGroup = 3C4745A91C917DB7001EAD32;
			productRefGroup = 3C4745B31C917DB7001EAD32 /* Products */;
			projectDirPath = "";
			projectRoot = "";
			targets = (
				3C4745B11C917DB7001EAD32 /* IANXMPP_DEMO */,
			);
		};
/* End PBXProject section */

/* Begin PBXResourcesBuildPhase section */
		3C4745B01C917DB7001EAD32 /* Resources */ = {
			isa = PBXResourcesBuildPhase;
			buildActionMask = 2147483647;
			files = (
				3C4745C51C917DB7001EAD32 /* LaunchScreen.storyboard in Resources */,
				3C4745C21C917DB7001EAD32 /* Assets.xcassets in Resources */,
			);
			runOnlyForDeploymentPostprocessing = 0;
		};
/* End PBXResourcesBuildPhase section */

/* Begin PBXSourcesBuildPhase section */
		3C4745AE1C917DB7001EAD32 /* Sources */ = {
			isa = PBXSourcesBuildPhase;
			buildActionMask = 2147483647;
			files = (
				3C4745BA1C917DB7001EAD32 /* AppDelegate.m in Sources */,
				3C4745B71C917DB7001EAD32 /* main.m in Sources */,
				3C4745CE1C917EAC001EAD32 /* RootViewController.m in Sources */,
			);
			runOnlyForDeploymentPostprocessing = 0;
		};
/* End PBXSourcesBuildPhase section */

/* Begin PBXVariantGroup section */
		3C4745C31C917DB7001EAD32 /* LaunchScreen.storyboard */ = {
			isa = PBXVariantGroup;
			children = (
				3C4745C41C917DB7001EAD32 /* Base */,
			);
			name = LaunchScreen.storyboard;
			sourceTree = "<group>";
		};
/* End PBXVariantGroup section */

/* Begin XCBuildConfiguration section */
		3C4745C71C917DB8001EAD32 /* Debug */ = {
			isa = XCBuildConfiguration;
			buildSettings = {
				ALWAYS_SEARCH_USER_PATHS = NO;
				CLANG_CXX_LANGUAGE_STANDARD = "gnu++0x";
				CLANG_CXX_LIBRARY = "libc++";
				CLANG_ENABLE_MODULES = YES;
				CLANG_ENABLE_OBJC_ARC = YES;
				CLANG_WARN_BOOL_CONVERSION = YES;
				CLANG_WARN_CONSTANT_CONVERSION = YES;
				CLANG_WARN_DIRECT_OBJC_ISA_USAGE = YES_ERROR;
				CLANG_WARN_EMPTY_BODY = YES;
				CLANG_WARN_ENUM_CONVERSION = YES;
				CLANG_WARN_INT_CONVERSION = YES;
				CLANG_WARN_OBJC_ROOT_CLASS = YES_ERROR;
				CLANG_WARN_UNREACHABLE_CODE = YES;
				CLANG_WARN__DUPLICATE_METHOD_MATCH = YES;
				"CODE_SIGN_IDENTITY[sdk=iphoneos*]" = "iPhone Developer";
				COPY_PHASE_STRIP = NO;
				DEBUG_INFORMATION_FORMAT = dwarf;
				ENABLE_STRICT_OBJC_MSGSEND = YES;
				ENABLE_TESTABILITY = YES;
				GCC_C_LANGUAGE_STANDARD = gnu99;
				GCC_DYNAMIC_NO_PIC = NO;
				GCC_NO_COMMON_BLOCKS = YES;
				GCC_OPTIMIZATION_LEVEL = 0;
				GCC_PREPROCESSOR_DEFINITIONS = (
					"DEBUG=1",
					"$(inherited)",
				);
				GCC_WARN_64_TO_32_BIT_CONVERSION = YES;
				GCC_WARN_ABOUT_RETURN_TYPE = YES_ERROR;
				GCC_WARN_UNDECLARED_SELECTOR = YES;
				GCC_WARN_UNINITIALIZED_AUTOS = YES_AGGRESSIVE;
				GCC_WARN_UNUSED_FUNCTION = YES;
				GCC_WARN_UNUSED_VARIABLE = YES;
				IPHONEOS_DEPLOYMENT_TARGET = 9.2;
				MTL_ENABLE_DEBUG_INFO = YES;
				ONLY_ACTIVE_ARCH = YES;
				SDKROOT = iphoneos;
				TARGETED_DEVICE_FAMILY = "1,2";
			};
			name = Debug;
		};
		3C4745C81C917DB8001EAD32 /* Release */ = {
			isa = XCBuildConfiguration;
			buildSettings = {
				ALWAYS_SEARCH_USER_PATHS = NO;
				CLANG_CXX_LANGUAGE_STANDARD = "gnu++0x";
				CLANG_CXX_LIBRARY = "libc++";
				CLANG_ENABLE_MODULES = YES;
				CLANG_ENABLE_OBJC_ARC = YES;
				CLANG_WARN_BOOL_CONVERSION = YES;
				CLANG_WARN_CONSTANT_CONVERSION = YES;
				CLANG_WARN_DIRECT_OBJC_ISA_USAGE = YES_ERROR;
				CLANG_WARN_EMPTY_BODY = YES;
				CLANG_WARN_ENUM_CONVERSION = YES;
				CLANG_WARN_INT_CONVERSION = YES;
				CLANG_WARN_OBJC_ROOT_CLASS = YES_ERROR;
				CLANG_WARN_UNREACHABLE_CODE = YES;
				CLANG_WARN__DUPLICATE_METHOD_MATCH = YES;
				"CODE_SIGN_IDENTITY[sdk=iphoneos*]" = "iPhone Developer";
				COPY_PHASE_STRIP = NO;
				DEBUG_INFORMATION_FORMAT = "dwarf-with-dsym";
				ENABLE_NS_ASSERTIONS = NO;
				ENABLE_STRICT_OBJC_MSGSEND = YES;
				GCC_C_LANGUAGE_STANDARD = gnu99;
				GCC_NO_COMMON_BLOCKS = YES;
				GCC_WARN_64_TO_32_BIT_CONVERSION = YES;
				GCC_WARN_ABOUT_RETURN_TYPE = YES_ERROR;
				GCC_WARN_UNDECLARED_SELECTOR = YES;
				GCC_WARN_UNINITIALIZED_AUTOS = YES_AGGRESSIVE;
				GCC_WARN_UNUSED_FUNCTION = YES;
				GCC_WARN_UNUSED_VARIABLE = YES;
				IPHONEOS_DEPLOYMENT_TARGET = 9.2;
				MTL_ENABLE_DEBUG_INFO = NO;
				SDKROOT = iphoneos;
				TARGETED_DEVICE_FAMILY = "1,2";
				VALIDATE_PRODUCT = YES;
			};
			name = Release;
		};
		3C4745CA1C917DB8001EAD32 /* Debug */ = {
			isa = XCBuildConfiguration;
			buildSettings = {
				ASSETCATALOG_COMPILER_APPICON_NAME = AppIcon;
				INFOPLIST_FILE = IANXMPP_DEMO/Info.plist;
				IPHONEOS_DEPLOYMENT_TARGET = 7.0;
				LD_RUNPATH_SEARCH_PATHS = "$(inherited) @executable_path/Frameworks";
				PRODUCT_BUNDLE_IDENTIFIER = "com.ianisme.IANXMPP-DEMO";
				PRODUCT_NAME = "$(TARGET_NAME)";
			};
			name = Debug;
		};
		3C4745CB1C917DB8001EAD32 /* Release */ = {
			isa = XCBuildConfiguration;
			buildSettings = {
				ASSETCATALOG_COMPILER_APPICON_NAME = AppIcon;
				INFOPLIST_FILE = IANXMPP_DEMO/Info.plist;
				IPHONEOS_DEPLOYMENT_TARGET = 7.0;
				LD_RUNPATH_SEARCH_PATHS = "$(inherited) @executable_path/Frameworks";
				PRODUCT_BUNDLE_IDENTIFIER = "com.ianisme.IANXMPP-DEMO";
				PRODUCT_NAME = "$(TARGET_NAME)";
			};
			name = Release;
		};
/* End XCBuildConfiguration section */

/* Begin XCConfigurationList section */
		3C4745AD1C917DB7001EAD32 /* Build configuration list for PBXProject "IANXMPP_DEMO" */ = {
			isa = XCConfigurationList;
			buildConfigurations = (
				3C4745C71C917DB8001EAD32 /* Debug */,
				3C4745C81C917DB8001EAD32 /* Release */,
			);
			defaultConfigurationIsVisible = 0;
			defaultConfigurationName = Release;
		};
		3C4745C91C917DB8001EAD32 /* Build configuration list for PBXNativeTarget "IANXMPP_DEMO" */ = {
			isa = XCConfigurationList;
			buildConfigurations = (
				3C4745CA1C917DB8001EAD32 /* Debug */,
				3C4745CB1C917DB8001EAD32 /* Release */,
			);
			defaultConfigurationIsVisible = 0;
		};
/* End XCConfigurationList section */
	};
	rootObject = 3C4745AA1C917DB7001EAD32 /* Project object */;
}
