// !$*UTF8*$!
{
	archiveVersion = 1;
	classes = {
	};
	objectVersion = 46;
	objects = {

/* Begin PBXBuildFile section */
		1257A77774D8E79B40D032EE /* libPods.a in Frameworks */ = {isa = PBXBuildFile; fileRef = 97E7CE3785171A1D07FC0529 /* libPods.a */; };
		3C4745E11C925D5D001EAD32 /* AppDelegate.m in Sources */ = {isa = PBXBuildFile; fileRef = 3C4745D21C925D5D001EAD32 /* AppDelegate.m */; };
		3C4745E21C925D5D001EAD32 /* RootViewController.m in Sources */ = {isa = PBXBuildFile; fileRef = 3C4745D71C925D5D001EAD32 /* RootViewController.m */; };
		3C4745E51C925D5D001EAD32 /* main.m in Sources */ = {isa = PBXBuildFile; fileRef = 3C4745E01C925D5D001EAD32 /* main.m */; };
		3C4745E71C925D9A001EAD32 /* Images.xcassets in Resources */ = {isa = PBXBuildFile; fileRef = 3C4745E61C925D9A001EAD32 /* Images.xcassets */; };
/* End PBXBuildFile section */

/* Begin PBXFileReference section */
		3C4745B21C917DB7001EAD32 /* IANXMPP_DEMO.app */ = {isa = PBXFileReference; explicitFileType = wrapper.application; includeInIndex = 0; path = IANXMPP_DEMO.app; sourceTree = BUILT_PRODUCTS_DIR; };
		3C4745D11C925D5D001EAD32 /* AppDelegate.h */ = {isa = PBXFileReference; fileEncoding = 4; lastKnownFileType = sourcecode.c.h; path = AppDelegate.h; sourceTree = "<group>"; };
		3C4745D21C925D5D001EAD32 /* AppDelegate.m */ = {isa = PBXFileReference; fileEncoding = 4; lastKnownFileType = sourcecode.c.objc; path = AppDelegate.m; sourceTree = "<group>"; };
		3C4745D61C925D5D001EAD32 /* RootViewController.h */ = {isa = PBXFileReference; fileEncoding = 4; lastKnownFileType = sourcecode.c.h; path = RootViewController.h; sourceTree = "<group>"; };
		3C4745D71C925D5D001EAD32 /* RootViewController.m */ = {isa = PBXFileReference; fileEncoding = 4; lastKnownFileType = sourcecode.c.objc; path = RootViewController.m; sourceTree = "<group>"; };
		3C4745DF1C925D5D001EAD32 /* Info.plist */ = {isa = PBXFileReference; fileEncoding = 4; lastKnownFileType = text.plist.xml; path = Info.plist; sourceTree = "<group>"; };
		3C4745E01C925D5D001EAD32 /* main.m */ = {isa = PBXFileReference; fileEncoding = 4; lastKnownFileType = sourcecode.c.objc; path = main.m; sourceTree = "<group>"; };
		3C4745E61C925D9A001EAD32 /* Images.xcassets */ = {isa = PBXFileReference; lastKnownFileType = folder.assetcatalog; path = Images.xcassets; sourceTree = "<group>"; };
		3C4745E81C9260AA001EAD32 /* PrefixHeader.pch */ = {isa = PBXFileReference; lastKnownFileType = sourcecode.c.h; path = PrefixHeader.pch; sourceTree = "<group>"; };
		3C4745E91C9263FA001EAD32 /* AppMacros.h */ = {isa = PBXFileReference; lastKnownFileType = sourcecode.c.h; path = AppMacros.h; sourceTree = "<group>"; };
		7778F3933CC91EC58E04DE12 /* Pods.release.xcconfig */ = {isa = PBXFileReference; includeInIndex = 1; lastKnownFileType = text.xcconfig; name = Pods.release.xcconfig; path = "Pods/Target Support Files/Pods/Pods.release.xcconfig"; sourceTree = "<group>"; };
		97E7CE3785171A1D07FC0529 /* libPods.a */ = {isa = PBXFileReference; explicitFileType = archive.ar; includeInIndex = 0; path = libPods.a; sourceTree = BUILT_PRODUCTS_DIR; };
		9847989A79897460E99F6DFA /* Pods.debug.xcconfig */ = {isa = PBXFileReference; includeInIndex = 1; lastKnownFileType = text.xcconfig; name = Pods.debug.xcconfig; path = "Pods/Target Support Files/Pods/Pods.debug.xcconfig"; sourceTree = "<group>"; };
/* End PBXFileReference section */

/* Begin PBXFrameworksBuildPhase section */
		3C4745AF1C917DB7001EAD32 /* Frameworks */ = {
			isa = PBXFrameworksBuildPhase;
			buildActionMask = 2147483647;
			files = (
				1257A77774D8E79B40D032EE /* libPods.a in Frameworks */,
			);
			runOnlyForDeploymentPostprocessing = 0;
		};
/* End PBXFrameworksBuildPhase section */

/* Begin PBXGroup section */
		3C4745A91C917DB7001EAD32 = {
			isa = PBXGroup;
			children = (
				3C4745B41C917DB7001EAD32 /* IANXMPP_DEMO */,
				3C4745B31C917DB7001EAD32 /* Products */,
				9A411B791B77E2CE8606390A /* Pods */,
				7CF1DFC7B529F27E1A2BA0FA /* Frameworks */,
			);
			sourceTree = "<group>";
		};
		3C4745B31C917DB7001EAD32 /* Products */ = {
			isa = PBXGroup;
			children = (
				3C4745B21C917DB7001EAD32 /* IANXMPP_DEMO.app */,
			);
			name = Products;
			sourceTree = "<group>";
		};
		3C4745B41C917DB7001EAD32 /* IANXMPP_DEMO */ = {
			isa = PBXGroup;
			children = (
				3C4745CF1C925D5D001EAD32 /* Classes */,
				3C4745DC1C925D5D001EAD32 /* Resources */,
				3C4745DE1C925D5D001EAD32 /* Supporting Files */,
			);
			path = IANXMPP_DEMO;
			sourceTree = "<group>";
		};
		3C4745CF1C925D5D001EAD32 /* Classes */ = {
			isa = PBXGroup;
			children = (
				3C4745D01C925D5D001EAD32 /* App */,
				3C4745D31C925D5D001EAD32 /* Controllers */,
				3C4745D81C925D5D001EAD32 /* Util */,
				3C4745DB1C925D5D001EAD32 /* Vendor */,
			);
			path = Classes;
			sourceTree = "<group>";
		};
		3C4745D01C925D5D001EAD32 /* App */ = {
			isa = PBXGroup;
			children = (
				3C4745D11C925D5D001EAD32 /* AppDelegate.h */,
				3C4745D21C925D5D001EAD32 /* AppDelegate.m */,
				3C4745E91C9263FA001EAD32 /* AppMacros.h */,
			);
			path = App;
			sourceTree = "<group>";
		};
		3C4745D31C925D5D001EAD32 /* Controllers */ = {
			isa = PBXGroup;
			children = (
				3C4745D41C925D5D001EAD32 /* Common */,
				3C4745D51C925D5D001EAD32 /* Home */,
			);
			path = Controllers;
			sourceTree = "<group>";
		};
		3C4745D41C925D5D001EAD32 /* Common */ = {
			isa = PBXGroup;
			children = (
			);
			path = Common;
			sourceTree = "<group>";
		};
		3C4745D51C925D5D001EAD32 /* Home */ = {
			isa = PBXGroup;
			children = (
				3C4745D61C925D5D001EAD32 /* RootViewController.h */,
				3C4745D71C925D5D001EAD32 /* RootViewController.m */,
			);
			path = Home;
			sourceTree = "<group>";
		};
		3C4745D81C925D5D001EAD32 /* Util */ = {
			isa = PBXGroup;
			children = (
				3C4745D91C925D5D001EAD32 /* Category */,
				3C4745DA1C925D5D001EAD32 /* Common */,
			);
			path = Util;
			sourceTree = "<group>";
		};
		3C4745D91C925D5D001EAD32 /* Category */ = {
			isa = PBXGroup;
			children = (
			);
			path = Category;
			sourceTree = "<group>";
		};
		3C4745DA1C925D5D001EAD32 /* Common */ = {
			isa = PBXGroup;
			children = (
			);
			path = Common;
			sourceTree = "<group>";
		};
		3C4745DB1C925D5D001EAD32 /* Vendor */ = {
			isa = PBXGroup;
			children = (
			);
			path = Vendor;
			sourceTree = "<group>";
		};
		3C4745DC1C925D5D001EAD32 /* Resources */ = {
			isa = PBXGroup;
			children = (
				3C4745E61C925D9A001EAD32 /* Images.xcassets */,
			);
			path = Resources;
			sourceTree = "<group>";
		};
		3C4745DE1C925D5D001EAD32 /* Supporting Files */ = {
			isa = PBXGroup;
			children = (
				3C4745DF1C925D5D001EAD32 /* Info.plist */,
				3C4745E01C925D5D001EAD32 /* main.m */,
				3C4745E81C9260AA001EAD32 /* PrefixHeader.pch */,
			);
			path = "Supporting Files";
			sourceTree = "<group>";
		};
		7CF1DFC7B529F27E1A2BA0FA /* Frameworks */ = {
			isa = PBXGroup;
			children = (
				97E7CE3785171A1D07FC0529 /* libPods.a */,
			);
			name = Frameworks;
			sourceTree = "<group>";
		};
		9A411B791B77E2CE8606390A /* Pods */ = {
			isa = PBXGroup;
			children = (
				9847989A79897460E99F6DFA /* Pods.debug.xcconfig */,
				7778F3933CC91EC58E04DE12 /* Pods.release.xcconfig */,
			);
			name = Pods;
			sourceTree = "<group>";
		};
/* End PBXGroup section */

/* Begin PBXNativeTarget section */
		3C4745B11C917DB7001EAD32 /* IANXMPP_DEMO */ = {
			isa = PBXNativeTarget;
			buildConfigurationList = 3C4745C91C917DB8001EAD32 /* Build configuration list for PBXNativeTarget "IANXMPP_DEMO" */;
			buildPhases = (
				D27C15F937C745A7CD204B68 /* Check Pods Manifest.lock */,
				3C4745AE1C917DB7001EAD32 /* Sources */,
				3C4745AF1C917DB7001EAD32 /* Frameworks */,
				3C4745B01C917DB7001EAD32 /* Resources */,
				D74CA53283A5247FC408EA6D /* Embed Pods Frameworks */,
				F99FE93E558416D9A30D697B /* Copy Pods Resources */,
			);
			buildRules = (
			);
			dependencies = (
			);
			name = IANXMPP_DEMO;
			productName = IANXMPP_DEMO;
			productReference = 3C4745B21C917DB7001EAD32 /* IANXMPP_DEMO.app */;
			productType = "com.apple.product-type.application";
		};
/* End PBXNativeTarget section */

/* Begin PBXProject section */
		3C4745AA1C917DB7001EAD32 /* Project object */ = {
			isa = PBXProject;
			attributes = {
				LastUpgradeCheck = 0720;
				ORGANIZATIONNAME = ian;
				TargetAttributes = {
					3C4745B11C917DB7001EAD32 = {
						CreatedOnToolsVersion = 7.2.1;
					};
				};
			};
			buildConfigurationList = 3C4745AD1C917DB7001EAD32 /* Build configuration list for PBXProject "IANXMPP_DEMO" */;
			compatibilityVersion = "Xcode 3.2";
			developmentRegion = English;
			hasScannedForEncodings = 0;
			knownRegions = (
				en,
				Base,
			);
			mainGroup = 3C4745A91C917DB7001EAD32;
			productRefGroup = 3C4745B31C917DB7001EAD32 /* Products */;
			projectDirPath = "";
			projectRoot = "";
			targets = (
				3C4745B11C917DB7001EAD32 /* IANXMPP_DEMO */,
			);
		};
/* End PBXProject section */

/* Begin PBXResourcesBuildPhase section */
		3C4745B01C917DB7001EAD32 /* Resources */ = {
			isa = PBXResourcesBuildPhase;
			buildActionMask = 2147483647;
			files = (
				3C4745E71C925D9A001EAD32 /* Images.xcassets in Resources */,
			);
			runOnlyForDeploymentPostprocessing = 0;
		};
/* End PBXResourcesBuildPhase section */

/* Begin PBXShellScriptBuildPhase section */
		D27C15F937C745A7CD204B68 /* Check Pods Manifest.lock */ = {
			isa = PBXShellScriptBuildPhase;
			buildActionMask = 2147483647;
			files = (
			);
			inputPaths = (
			);
			name = "Check Pods Manifest.lock";
			outputPaths = (
			);
			runOnlyForDeploymentPostprocessing = 0;
			shellPath = /bin/sh;
			shellScript = "diff \"${PODS_ROOT}/../Podfile.lock\" \"${PODS_ROOT}/Manifest.lock\" > /dev/null\nif [[ $? != 0 ]] ; then\n    cat << EOM\nerror: The sandbox is not in sync with the Podfile.lock. Run 'pod install' or update your CocoaPods installation.\nEOM\n    exit 1\nfi\n";
			showEnvVarsInLog = 0;
		};
		D74CA53283A5247FC408EA6D /* Embed Pods Frameworks */ = {
			isa = PBXShellScriptBuildPhase;
			buildActionMask = 2147483647;
			files = (
			);
			inputPaths = (
			);
			name = "Embed Pods Frameworks";
			outputPaths = (
			);
			runOnlyForDeploymentPostprocessing = 0;
			shellPath = /bin/sh;
			shellScript = "\"${SRCROOT}/Pods/Target Support Files/Pods/Pods-frameworks.sh\"\n";
			showEnvVarsInLog = 0;
		};
		F99FE93E558416D9A30D697B /* Copy Pods Resources */ = {
			isa = PBXShellScriptBuildPhase;
			buildActionMask = 2147483647;
			files = (
			);
			inputPaths = (
			);
			name = "Copy Pods Resources";
			outputPaths = (
			);
			runOnlyForDeploymentPostprocessing = 0;
			shellPath = /bin/sh;
			shellScript = "\"${SRCROOT}/Pods/Target Support Files/Pods/Pods-resources.sh\"\n";
			showEnvVarsInLog = 0;
		};
/* End PBXShellScriptBuildPhase section */

/* Begin PBXSourcesBuildPhase section */
		3C4745AE1C917DB7001EAD32 /* Sources */ = {
			isa = PBXSourcesBuildPhase;
			buildActionMask = 2147483647;
			files = (
				3C4745E21C925D5D001EAD32 /* RootViewController.m in Sources */,
				3C4745E51C925D5D001EAD32 /* main.m in Sources */,
				3C4745E11C925D5D001EAD32 /* AppDelegate.m in Sources */,
			);
			runOnlyForDeploymentPostprocessing = 0;
		};
/* End PBXSourcesBuildPhase section */

/* Begin XCBuildConfiguration section */
		3C4745C71C917DB8001EAD32 /* Debug */ = {
			isa = XCBuildConfiguration;
			buildSettings = {
				ALWAYS_SEARCH_USER_PATHS = NO;
				CLANG_CXX_LANGUAGE_STANDARD = "gnu++0x";
				CLANG_CXX_LIBRARY = "libc++";
				CLANG_ENABLE_MODULES = YES;
				CLANG_ENABLE_OBJC_ARC = YES;
				CLANG_WARN_BOOL_CONVERSION = YES;
				CLANG_WARN_CONSTANT_CONVERSION = YES;
				CLANG_WARN_DIRECT_OBJC_ISA_USAGE = YES_ERROR;
				CLANG_WARN_EMPTY_BODY = YES;
				CLANG_WARN_ENUM_CONVERSION = YES;
				CLANG_WARN_INT_CONVERSION = YES;
				CLANG_WARN_OBJC_ROOT_CLASS = YES_ERROR;
				CLANG_WARN_UNREACHABLE_CODE = YES;
				CLANG_WARN__DUPLICATE_METHOD_MATCH = YES;
				"CODE_SIGN_IDENTITY[sdk=iphoneos*]" = "iPhone Developer";
				COPY_PHASE_STRIP = NO;
				DEBUG_INFORMATION_FORMAT = dwarf;
				ENABLE_STRICT_OBJC_MSGSEND = YES;
				ENABLE_TESTABILITY = YES;
				GCC_C_LANGUAGE_STANDARD = gnu99;
				GCC_DYNAMIC_NO_PIC = NO;
				GCC_NO_COMMON_BLOCKS = YES;
				GCC_OPTIMIZATION_LEVEL = 0;
				GCC_PREPROCESSOR_DEFINITIONS = (
					"DEBUG=1",
					"$(inherited)",
				);
				GCC_WARN_64_TO_32_BIT_CONVERSION = YES;
				GCC_WARN_ABOUT_RETURN_TYPE = YES_ERROR;
				GCC_WARN_UNDECLARED_SELECTOR = YES;
				GCC_WARN_UNINITIALIZED_AUTOS = YES_AGGRESSIVE;
				GCC_WARN_UNUSED_FUNCTION = YES;
				GCC_WARN_UNUSED_VARIABLE = YES;
				IPHONEOS_DEPLOYMENT_TARGET = 9.2;
				MTL_ENABLE_DEBUG_INFO = YES;
				ONLY_ACTIVE_ARCH = YES;
				SDKROOT = iphoneos;
				TARGETED_DEVICE_FAMILY = "1,2";
			};
			name = Debug;
		};
		3C4745C81C917DB8001EAD32 /* Release */ = {
			isa = XCBuildConfiguration;
			buildSettings = {
				ALWAYS_SEARCH_USER_PATHS = NO;
				CLANG_CXX_LANGUAGE_STANDARD = "gnu++0x";
				CLANG_CXX_LIBRARY = "libc++";
				CLANG_ENABLE_MODULES = YES;
				CLANG_ENABLE_OBJC_ARC = YES;
				CLANG_WARN_BOOL_CONVERSION = YES;
				CLANG_WARN_CONSTANT_CONVERSION = YES;
				CLANG_WARN_DIRECT_OBJC_ISA_USAGE = YES_ERROR;
				CLANG_WARN_EMPTY_BODY = YES;
				CLANG_WARN_ENUM_CONVERSION = YES;
				CLANG_WARN_INT_CONVERSION = YES;
				CLANG_WARN_OBJC_ROOT_CLASS = YES_ERROR;
				CLANG_WARN_UNREACHABLE_CODE = YES;
				CLANG_WARN__DUPLICATE_METHOD_MATCH = YES;
				"CODE_SIGN_IDENTITY[sdk=iphoneos*]" = "iPhone Developer";
				COPY_PHASE_STRIP = NO;
				DEBUG_INFORMATION_FORMAT = "dwarf-with-dsym";
				ENABLE_NS_ASSERTIONS = NO;
				ENABLE_STRICT_OBJC_MSGSEND = YES;
				GCC_C_LANGUAGE_STANDARD = gnu99;
				GCC_NO_COMMON_BLOCKS = YES;
				GCC_WARN_64_TO_32_BIT_CONVERSION = YES;
				GCC_WARN_ABOUT_RETURN_TYPE = YES_ERROR;
				GCC_WARN_UNDECLARED_SELECTOR = YES;
				GCC_WARN_UNINITIALIZED_AUTOS = YES_AGGRESSIVE;
				GCC_WARN_UNUSED_FUNCTION = YES;
				GCC_WARN_UNUSED_VARIABLE = YES;
				IPHONEOS_DEPLOYMENT_TARGET = 9.2;
				MTL_ENABLE_DEBUG_INFO = NO;
				SDKROOT = iphoneos;
				TARGETED_DEVICE_FAMILY = "1,2";
				VALIDATE_PRODUCT = YES;
			};
			name = Release;
		};
		3C4745CA1C917DB8001EAD32 /* Debug */ = {
			isa = XCBuildConfiguration;
			baseConfigurationReference = 9847989A79897460E99F6DFA /* Pods.debug.xcconfig */;
			buildSettings = {
				ASSETCATALOG_COMPILER_APPICON_NAME = AppIcon;
				ASSETCATALOG_COMPILER_LAUNCHIMAGE_NAME = LaunchImage;
				GCC_PRECOMPILE_PREFIX_HEADER = YES;
				GCC_PREFIX_HEADER = "$(SRCROOT)/IANXMPP_DEMO/Supporting Files/PrefixHeader.pch";
				INFOPLIST_FILE = "$(SRCROOT)/IANXMPP_DEMO/Supporting Files/Info.plist";
				IPHONEOS_DEPLOYMENT_TARGET = 7.0;
				LD_RUNPATH_SEARCH_PATHS = "$(inherited) @executable_path/Frameworks";
				PRODUCT_BUNDLE_IDENTIFIER = "com.ianisme.IANXMPP-DEMO";
				PRODUCT_NAME = "$(TARGET_NAME)";
			};
			name = Debug;
		};
		3C4745CB1C917DB8001EAD32 /* Release */ = {
			isa = XCBuildConfiguration;
			baseConfigurationReference = 7778F3933CC91EC58E04DE12 /* Pods.release.xcconfig */;
			buildSettings = {
				ASSETCATALOG_COMPILER_APPICON_NAME = AppIcon;
				ASSETCATALOG_COMPILER_LAUNCHIMAGE_NAME = LaunchImage;
				GCC_PRECOMPILE_PREFIX_HEADER = YES;
				GCC_PREFIX_HEADER = "$(SRCROOT)/IANXMPP_DEMO/Supporting Files/PrefixHeader.pch";
				INFOPLIST_FILE = "$(SRCROOT)/IANXMPP_DEMO/Supporting Files/Info.plist";
				IPHONEOS_DEPLOYMENT_TARGET = 7.0;
				LD_RUNPATH_SEARCH_PATHS = "$(inherited) @executable_path/Frameworks";
				PRODUCT_BUNDLE_IDENTIFIER = "com.ianisme.IANXMPP-DEMO";
				PRODUCT_NAME = "$(TARGET_NAME)";
			};
			name = Release;
		};
/* End XCBuildConfiguration section */

/* Begin XCConfigurationList section */
		3C4745AD1C917DB7001EAD32 /* Build configuration list for PBXProject "IANXMPP_DEMO" */ = {
			isa = XCConfigurationList;
			buildConfigurations = (
				3C4745C71C917DB8001EAD32 /* Debug */,
				3C4745C81C917DB8001EAD32 /* Release */,
			);
			defaultConfigurationIsVisible = 0;
			defaultConfigurationName = Release;
		};
		3C4745C91C917DB8001EAD32 /* Build configuration list for PBXNativeTarget "IANXMPP_DEMO" */ = {
			isa = XCConfigurationList;
			buildConfigurations = (
				3C4745CA1C917DB8001EAD32 /* Debug */,
				3C4745CB1C917DB8001EAD32 /* Release */,
			);
			defaultConfigurationIsVisible = 0;
			defaultConfigurationName = Release;
		};
/* End XCConfigurationList section */
	};
	rootObject = 3C4745AA1C917DB7001EAD32 /* Project object */;
}
